
Microsoft Visual Studio Solution File, Format Version 12.00
# Visual Studio 15
VisualStudioVersion = 15.0.26124.0
MinimumVisualStudioVersion = 15.0.26124.0
Project("{9A19103F-16F7-4668-BE54-9A1E7A4F7556}") = "Web", "src\AspNetCoreVueElementUI\Web.csproj", "{14D79FA2-EE13-4560-A6DC-C34DE36DDB64}"
EndProject
Project("{9A19103F-16F7-4668-BE54-9A1E7A4F7556}") = "ApplicationCore", "src\ApplicationCore\ApplicationCore.csproj", "{0D7E40EF-BBCC-4E17-8581-F57778FBE798}"
EndProject
Project("{9A19103F-16F7-4668-BE54-9A1E7A4F7556}") = "Infrastructure", "src\Infrastructure\Infrastructure.csproj", "{6390242A-10A4-48F2-8C56-AF3EB5D9B5F0}"
EndProject
Global
	GlobalSection(SolutionConfigurationPlatforms) = preSolution
		Debug|Any CPU = Debug|Any CPU
		Debug|x64 = Debug|x64
		Debug|x86 = Debug|x86
		Release|Any CPU = Release|Any CPU
		Release|x64 = Release|x64
		Release|x86 = Release|x86
	EndGlobalSection
	GlobalSection(ProjectConfigurationPlatforms) = postSolution
		{14D79FA2-EE13-4560-A6DC-C34DE36DDB64}.Debug|Any CPU.ActiveCfg = Debug|Any CPU
		{14D79FA2-EE13-4560-A6DC-C34DE36DDB64}.Debug|Any CPU.Build.0 = Debug|Any CPU
		{14D79FA2-EE13-4560-A6DC-C34DE36DDB64}.Debug|x64.ActiveCfg = Debug|Any CPU
		{14D79FA2-EE13-4560-A6DC-C34DE36DDB64}.Debug|x64.Build.0 = Debug|Any CPU
		{14D79FA2-EE13-4560-A6DC-C34DE36DDB64}.Debug|x86.ActiveCfg = Debug|Any CPU
		{14D79FA2-EE13-4560-A6DC-C34DE36DDB64}.Debug|x86.Build.0 = Debug|Any CPU
		{14D79FA2-EE13-4560-A6DC-C34DE36DDB64}.Release|Any CPU.ActiveCfg = Release|Any CPU
		{14D79FA2-EE13-4560-A6DC-C34DE36DDB64}.Release|Any CPU.Build.0 = Release|Any CPU
		{14D79FA2-EE13-4560-A6DC-C34DE36DDB64}.Release|x64.ActiveCfg = Release|Any CPU
		{14D79FA2-EE13-4560-A6DC-C34DE36DDB64}.Release|x64.Build.0 = Release|Any CPU
		{14D79FA2-EE13-4560-A6DC-C34DE36DDB64}.Release|x86.ActiveCfg = Release|Any CPU
		{14D79FA2-EE13-4560-A6DC-C34DE36DDB64}.Release|x86.Build.0 = Release|Any CPU
		{0D7E40EF-BBCC-4E17-8581-F57778FBE798}.Debug|Any CPU.ActiveCfg = Debug|Any CPU
		{0D7E40EF-BBCC-4E17-8581-F57778FBE798}.Debug|Any CPU.Build.0 = Debug|Any CPU
		{0D7E40EF-BBCC-4E17-8581-F57778FBE798}.Debug|x64.ActiveCfg = Debug|Any CPU
		{0D7E40EF-BBCC-4E17-8581-F57778FBE798}.Debug|x64.Build.0 = Debug|Any CPU
		{0D7E40EF-BBCC-4E17-8581-F57778FBE798}.Debug|x86.ActiveCfg = Debug|Any CPU
		{0D7E40EF-BBCC-4E17-8581-F57778FBE798}.Debug|x86.Build.0 = Debug|Any CPU
		{0D7E40EF-BBCC-4E17-8581-F57778FBE798}.Release|Any CPU.ActiveCfg = Release|Any CPU
		{0D7E40EF-BBCC-4E17-8581-F57778FBE798}.Release|Any CPU.Build.0 = Release|Any CPU
		{0D7E40EF-BBCC-4E17-8581-F57778FBE798}.Release|x64.ActiveCfg = Release|Any CPU
		{0D7E40EF-BBCC-4E17-8581-F57778FBE798}.Release|x64.Build.0 = Release|Any CPU
		{0D7E40EF-BBCC-4E17-8581-F57778FBE798}.Release|x86.ActiveCfg = Release|Any CPU
		{0D7E40EF-BBCC-4E17-8581-F57778FBE798}.Release|x86.Build.0 = Release|Any CPU
		{6390242A-10A4-48F2-8C56-AF3EB5D9B5F0}.Debug|Any CPU.ActiveCfg = Debug|Any CPU
		{6390242A-10A4-48F2-8C56-AF3EB5D9B5F0}.Debug|Any CPU.Build.0 = Debug|Any CPU
		{6390242A-10A4-48F2-8C56-AF3EB5D9B5F0}.Debug|x64.ActiveCfg = Debug|Any CPU
		{6390242A-10A4-48F2-8C56-AF3EB5D9B5F0}.Debug|x64.Build.0 = Debug|Any CPU
		{6390242A-10A4-48F2-8C56-AF3EB5D9B5F0}.Debug|x86.ActiveCfg = Debug|Any CPU
		{6390242A-10A4-48F2-8C56-AF3EB5D9B5F0}.Debug|x86.Build.0 = Debug|Any CPU
		{6390242A-10A4-48F2-8C56-AF3EB5D9B5F0}.Release|Any CPU.ActiveCfg = Release|Any CPU
		{6390242A-10A4-48F2-8C56-AF3EB5D9B5F0}.Release|Any CPU.Build.0 = Release|Any CPU
		{6390242A-10A4-48F2-8C56-AF3EB5D9B5F0}.Release|x64.ActiveCfg = Release|Any CPU
		{6390242A-10A4-48F2-8C56-AF3EB5D9B5F0}.Release|x64.Build.0 = Release|Any CPU
		{6390242A-10A4-48F2-8C56-AF3EB5D9B5F0}.Release|x86.ActiveCfg = Release|Any CPU
		{6390242A-10A4-48F2-8C56-AF3EB5D9B5F0}.Release|x86.Build.0 = Release|Any CPU
	EndGlobalSection
	GlobalSection(SolutionProperties) = preSolution
		HideSolutionNode = FALSE
	EndGlobalSection
	GlobalSection(ExtensibilityGlobals) = postSolution
		SolutionGuid = {29DC6EF1-29C5-4A39-ADB8-7CA20D0EB30B}
	EndGlobalSection
EndGlobal
